// !$*UTF8*$!
{
	archiveVersion = 1;
	classes = {
	};
	objectVersion = 51;
	objects = {

/* Begin PBXBuildFile section */
		059BCF5424274EA300BEB989 /* NearbyMessagesApiKey.swift in Sources */ = {isa = PBXBuildFile; fileRef = 059BCF5324274EA300BEB989 /* NearbyMessagesApiKey.swift */; };
		059BCF562427569600BEB989 /* DevicesTableViewController.swift in Sources */ = {isa = PBXBuildFile; fileRef = 059BCF552427569600BEB989 /* DevicesTableViewController.swift */; };
		059BCF58242759F200BEB989 /* NearbyMessagePayload.swift in Sources */ = {isa = PBXBuildFile; fileRef = 059BCF57242759F200BEB989 /* NearbyMessagePayload.swift */; };
		219110A8F373543BD704B453 /* Pods_RSub1.framework in Frameworks */ = {isa = PBXBuildFile; fileRef = 0630DD7B2D6782497116A755 /* Pods_RSub1.framework */; };
		E107621F242697910089A7DE /* NearByMessagesApi.swift in Sources */ = {isa = PBXBuildFile; fileRef = E107621E242697910089A7DE /* NearByMessagesApi.swift */; };
		E1076223242698CD0089A7DE /* NearByModel.swift in Sources */ = {isa = PBXBuildFile; fileRef = E1076222242698CD0089A7DE /* NearByModel.swift */; };
		E10762262426A4890089A7DE /* UserManager.swift in Sources */ = {isa = PBXBuildFile; fileRef = E10762252426A4890089A7DE /* UserManager.swift */; };
		E10762272426A9CF0089A7DE /* UserModel.swift in Sources */ = {isa = PBXBuildFile; fileRef = E1076220242697BE0089A7DE /* UserModel.swift */; };
		E1E2449124267F73000ACD1B /* AppDelegate.swift in Sources */ = {isa = PBXBuildFile; fileRef = E1E2449024267F73000ACD1B /* AppDelegate.swift */; };
		E1E2449324267F73000ACD1B /* SceneDelegate.swift in Sources */ = {isa = PBXBuildFile; fileRef = E1E2449224267F73000ACD1B /* SceneDelegate.swift */; };
		E1E2449524267F73000ACD1B /* ViewController.swift in Sources */ = {isa = PBXBuildFile; fileRef = E1E2449424267F73000ACD1B /* ViewController.swift */; };
		E1E2449824267F73000ACD1B /* Main.storyboard in Resources */ = {isa = PBXBuildFile; fileRef = E1E2449624267F73000ACD1B /* Main.storyboard */; };
		E1E2449D24267F75000ACD1B /* LaunchScreen.storyboard in Resources */ = {isa = PBXBuildFile; fileRef = E1E2449B24267F75000ACD1B /* LaunchScreen.storyboard */; };
		E1E244A5242689CD000ACD1B /* TrackerViewController.swift in Sources */ = {isa = PBXBuildFile; fileRef = E1E244A4242689CD000ACD1B /* TrackerViewController.swift */; };
/* End PBXBuildFile section */

/* Begin PBXFileReference section */
		0574F4B2955FAB9B2327ECDE /* Pods-RSub1.debug.xcconfig */ = {isa = PBXFileReference; includeInIndex = 1; lastKnownFileType = text.xcconfig; name = "Pods-RSub1.debug.xcconfig"; path = "Target Support Files/Pods-RSub1/Pods-RSub1.debug.xcconfig"; sourceTree = "<group>"; };
		058971472426C7F1008C5C50 /* GNSMessagesBridge.h */ = {isa = PBXFileReference; lastKnownFileType = sourcecode.c.h; path = GNSMessagesBridge.h; sourceTree = "<group>"; };
		059BCF5324274EA300BEB989 /* NearbyMessagesApiKey.swift */ = {isa = PBXFileReference; lastKnownFileType = sourcecode.swift; path = NearbyMessagesApiKey.swift; sourceTree = "<group>"; };
		059BCF552427569600BEB989 /* DevicesTableViewController.swift */ = {isa = PBXFileReference; lastKnownFileType = sourcecode.swift; path = DevicesTableViewController.swift; sourceTree = "<group>"; };
		059BCF57242759F200BEB989 /* NearbyMessagePayload.swift */ = {isa = PBXFileReference; lastKnownFileType = sourcecode.swift; path = NearbyMessagePayload.swift; sourceTree = "<group>"; };
		0630DD7B2D6782497116A755 /* Pods_RSub1.framework */ = {isa = PBXFileReference; explicitFileType = wrapper.framework; includeInIndex = 0; path = Pods_RSub1.framework; sourceTree = BUILT_PRODUCTS_DIR; };
		2A8AF047DCE81E4E0382867C /* Pods-RSub1.release.xcconfig */ = {isa = PBXFileReference; includeInIndex = 1; lastKnownFileType = text.xcconfig; name = "Pods-RSub1.release.xcconfig"; path = "Target Support Files/Pods-RSub1/Pods-RSub1.release.xcconfig"; sourceTree = "<group>"; };
		E107621E242697910089A7DE /* NearByMessagesApi.swift */ = {isa = PBXFileReference; lastKnownFileType = sourcecode.swift; path = NearByMessagesApi.swift; sourceTree = "<group>"; };
		E1076220242697BE0089A7DE /* UserModel.swift */ = {isa = PBXFileReference; lastKnownFileType = sourcecode.swift; path = UserModel.swift; sourceTree = "<group>"; };
		E1076222242698CD0089A7DE /* NearByModel.swift */ = {isa = PBXFileReference; lastKnownFileType = sourcecode.swift; path = NearByModel.swift; sourceTree = "<group>"; };
		E10762252426A4890089A7DE /* UserManager.swift */ = {isa = PBXFileReference; lastKnownFileType = sourcecode.swift; path = UserManager.swift; sourceTree = "<group>"; };
		E1E2448D24267F73000ACD1B /* RSub1.app */ = {isa = PBXFileReference; explicitFileType = wrapper.application; includeInIndex = 0; path = RSub1.app; sourceTree = BUILT_PRODUCTS_DIR; };
		E1E2449024267F73000ACD1B /* AppDelegate.swift */ = {isa = PBXFileReference; lastKnownFileType = sourcecode.swift; path = AppDelegate.swift; sourceTree = "<group>"; };
		E1E2449224267F73000ACD1B /* SceneDelegate.swift */ = {isa = PBXFileReference; lastKnownFileType = sourcecode.swift; path = SceneDelegate.swift; sourceTree = "<group>"; };
		E1E2449424267F73000ACD1B /* ViewController.swift */ = {isa = PBXFileReference; lastKnownFileType = sourcecode.swift; path = ViewController.swift; sourceTree = "<group>"; };
		E1E2449724267F73000ACD1B /* Base */ = {isa = PBXFileReference; lastKnownFileType = file.storyboard; name = Base; path = Base.lproj/Main.storyboard; sourceTree = "<group>"; };
		E1E2449924267F75000ACD1B /* Assets.xcassets */ = {isa = PBXFileReference; lastKnownFileType = folder.assetcatalog; path = Assets.xcassets; sourceTree = "<group>"; };
		E1E2449C24267F75000ACD1B /* Base */ = {isa = PBXFileReference; lastKnownFileType = file.storyboard; name = Base; path = Base.lproj/LaunchScreen.storyboard; sourceTree = "<group>"; };
		E1E2449E24267F75000ACD1B /* Info.plist */ = {isa = PBXFileReference; lastKnownFileType = text.plist.xml; path = Info.plist; sourceTree = "<group>"; };
		E1E244A4242689CD000ACD1B /* TrackerViewController.swift */ = {isa = PBXFileReference; lastKnownFileType = sourcecode.swift; path = TrackerViewController.swift; sourceTree = "<group>"; };
/* End PBXFileReference section */

/* Begin PBXFrameworksBuildPhase section */
		E1E2448A24267F73000ACD1B /* Frameworks */ = {
			isa = PBXFrameworksBuildPhase;
			buildActionMask = 2147483647;
			files = (
				219110A8F373543BD704B453 /* Pods_RSub1.framework in Frameworks */,
			);
			runOnlyForDeploymentPostprocessing = 0;
		};
/* End PBXFrameworksBuildPhase section */

/* Begin PBXGroup section */
		020406809C86238065F818A2 /* Frameworks */ = {
			isa = PBXGroup;
			children = (
				0630DD7B2D6782497116A755 /* Pods_RSub1.framework */,
			);
			name = Frameworks;
			sourceTree = "<group>";
		};
		5BB3866EF173D567A96CB9C8 /* Pods */ = {
			isa = PBXGroup;
			children = (
				0574F4B2955FAB9B2327ECDE /* Pods-RSub1.debug.xcconfig */,
				2A8AF047DCE81E4E0382867C /* Pods-RSub1.release.xcconfig */,
			);
			path = Pods;
			sourceTree = "<group>";
		};
		E107621A242697320089A7DE /* Services */ = {
			isa = PBXGroup;
			children = (
				E10762242426A46A0089A7DE /* UserManager */,
				E107621B242697400089A7DE /* NearByMessagesApi */,
			);
			path = Services;
			sourceTree = "<group>";
		};
		E107621B242697400089A7DE /* NearByMessagesApi */ = {
			isa = PBXGroup;
			children = (
				E107621E242697910089A7DE /* NearByMessagesApi.swift */,
				E1076222242698CD0089A7DE /* NearByModel.swift */,
				058971472426C7F1008C5C50 /* GNSMessagesBridge.h */,
				059BCF5324274EA300BEB989 /* NearbyMessagesApiKey.swift */,
				059BCF57242759F200BEB989 /* NearbyMessagePayload.swift */,
			);
			path = NearByMessagesApi;
			sourceTree = "<group>";
		};
		E10762242426A46A0089A7DE /* UserManager */ = {
			isa = PBXGroup;
			children = (
				E10762252426A4890089A7DE /* UserManager.swift */,
				E1076220242697BE0089A7DE /* UserModel.swift */,
			);
			path = UserManager;
			sourceTree = "<group>";
		};
		E1E2448424267F72000ACD1B = {
			isa = PBXGroup;
			children = (
				E1E2448F24267F73000ACD1B /* RSub1 */,
				E1E2448E24267F73000ACD1B /* Products */,
				5BB3866EF173D567A96CB9C8 /* Pods */,
				020406809C86238065F818A2 /* Frameworks */,
			);
			sourceTree = "<group>";
		};
		E1E2448E24267F73000ACD1B /* Products */ = {
			isa = PBXGroup;
			children = (
				E1E2448D24267F73000ACD1B /* RSub1.app */,
			);
			name = Products;
			sourceTree = "<group>";
		};
		E1E2448F24267F73000ACD1B /* RSub1 */ = {
			isa = PBXGroup;
			children = (
				E107621A242697320089A7DE /* Services */,
				E1E2449024267F73000ACD1B /* AppDelegate.swift */,
				E1E2449224267F73000ACD1B /* SceneDelegate.swift */,
				E1E2449424267F73000ACD1B /* ViewController.swift */,
				059BCF552427569600BEB989 /* DevicesTableViewController.swift */,
				E1E2449624267F73000ACD1B /* Main.storyboard */,
				E1E2449924267F75000ACD1B /* Assets.xcassets */,
				E1E2449B24267F75000ACD1B /* LaunchScreen.storyboard */,
				E1E2449E24267F75000ACD1B /* Info.plist */,
				E1E244A4242689CD000ACD1B /* TrackerViewController.swift */,
			);
			path = RSub1;
			sourceTree = "<group>";
		};
/* End PBXGroup section */

/* Begin PBXNativeTarget section */
		E1E2448C24267F73000ACD1B /* RSub1 */ = {
			isa = PBXNativeTarget;
			buildConfigurationList = E1E244A124267F75000ACD1B /* Build configuration list for PBXNativeTarget "RSub1" */;
			buildPhases = (
				1220D79F2C5BFDB6C40E6EAB /* [CP] Check Pods Manifest.lock */,
				E1E2448924267F73000ACD1B /* Sources */,
				E1E2448A24267F73000ACD1B /* Frameworks */,
				E1E2448B24267F73000ACD1B /* Resources */,
				7E1BCC948CFFD89CCD31BBB9 /* [CP] Copy Pods Resources */,
			);
			buildRules = (
			);
			dependencies = (
			);
			name = RSub1;
			productName = RSub1;
			productReference = E1E2448D24267F73000ACD1B /* RSub1.app */;
			productType = "com.apple.product-type.application";
		};
/* End PBXNativeTarget section */

/* Begin PBXProject section */
		E1E2448524267F72000ACD1B /* Project object */ = {
			isa = PBXProject;
			attributes = {
				LastSwiftUpdateCheck = 1130;
				LastUpgradeCheck = 1130;
				ORGANIZATIONNAME = RSub1;
				TargetAttributes = {
					E1E2448C24267F73000ACD1B = {
						CreatedOnToolsVersion = 11.3.1;
					};
				};
			};
			buildConfigurationList = E1E2448824267F72000ACD1B /* Build configuration list for PBXProject "RSub1" */;
			compatibilityVersion = "Xcode 9.3";
			developmentRegion = en;
			hasScannedForEncodings = 0;
			knownRegions = (
				en,
				Base,
			);
			mainGroup = E1E2448424267F72000ACD1B;
			productRefGroup = E1E2448E24267F73000ACD1B /* Products */;
			projectDirPath = "";
			projectRoot = "";
			targets = (
				E1E2448C24267F73000ACD1B /* RSub1 */,
			);
		};
/* End PBXProject section */

/* Begin PBXResourcesBuildPhase section */
		E1E2448B24267F73000ACD1B /* Resources */ = {
			isa = PBXResourcesBuildPhase;
			buildActionMask = 2147483647;
			files = (
				E1E2449D24267F75000ACD1B /* LaunchScreen.storyboard in Resources */,
				E1E2449824267F73000ACD1B /* Main.storyboard in Resources */,
			);
			runOnlyForDeploymentPostprocessing = 0;
		};
/* End PBXResourcesBuildPhase section */

/* Begin PBXShellScriptBuildPhase section */
		1220D79F2C5BFDB6C40E6EAB /* [CP] Check Pods Manifest.lock */ = {
			isa = PBXShellScriptBuildPhase;
			buildActionMask = 2147483647;
			files = (
			);
			inputFileListPaths = (
			);
			inputPaths = (
				"${PODS_PODFILE_DIR_PATH}/Podfile.lock",
				"${PODS_ROOT}/Manifest.lock",
			);
			name = "[CP] Check Pods Manifest.lock";
			outputFileListPaths = (
			);
			outputPaths = (
				"$(DERIVED_FILE_DIR)/Pods-RSub1-checkManifestLockResult.txt",
			);
			runOnlyForDeploymentPostprocessing = 0;
			shellPath = /bin/sh;
			shellScript = "diff \"${PODS_PODFILE_DIR_PATH}/Podfile.lock\" \"${PODS_ROOT}/Manifest.lock\" > /dev/null\nif [ $? != 0 ] ; then\n    # print error to STDERR\n    echo \"error: The sandbox is not in sync with the Podfile.lock. Run 'pod install' or update your CocoaPods installation.\" >&2\n    exit 1\nfi\n# This output is used by Xcode 'outputs' to avoid re-running this script phase.\necho \"SUCCESS\" > \"${SCRIPT_OUTPUT_FILE_0}\"\n";
			showEnvVarsInLog = 0;
		};
		7E1BCC948CFFD89CCD31BBB9 /* [CP] Copy Pods Resources */ = {
			isa = PBXShellScriptBuildPhase;
			buildActionMask = 2147483647;
			files = (
			);
			inputFileListPaths = (
				"${PODS_ROOT}/Target Support Files/Pods-RSub1/Pods-RSub1-resources-${CONFIGURATION}-input-files.xcfilelist",
			);
			name = "[CP] Copy Pods Resources";
			outputFileListPaths = (
				"${PODS_ROOT}/Target Support Files/Pods-RSub1/Pods-RSub1-resources-${CONFIGURATION}-output-files.xcfilelist",
			);
			runOnlyForDeploymentPostprocessing = 0;
			shellPath = /bin/sh;
			shellScript = "\"${PODS_ROOT}/Target Support Files/Pods-RSub1/Pods-RSub1-resources.sh\"\n";
			showEnvVarsInLog = 0;
		};
/* End PBXShellScriptBuildPhase section */

/* Begin PBXSourcesBuildPhase section */
		E1E2448924267F73000ACD1B /* Sources */ = {
			isa = PBXSourcesBuildPhase;
			buildActionMask = 2147483647;
			files = (
				E1076223242698CD0089A7DE /* NearByModel.swift in Sources */,
				E1E2449524267F73000ACD1B /* ViewController.swift in Sources */,
				059BCF562427569600BEB989 /* DevicesTableViewController.swift in Sources */,
				E10762272426A9CF0089A7DE /* UserModel.swift in Sources */,
				E107621F242697910089A7DE /* NearByMessagesApi.swift in Sources */,
				E1E244A5242689CD000ACD1B /* TrackerViewController.swift in Sources */,
				059BCF58242759F200BEB989 /* NearbyMessagePayload.swift in Sources */,
				E1E2449124267F73000ACD1B /* AppDelegate.swift in Sources */,
				E10762262426A4890089A7DE /* UserManager.swift in Sources */,
				059BCF5424274EA300BEB989 /* NearbyMessagesApiKey.swift in Sources */,
				E1E2449324267F73000ACD1B /* SceneDelegate.swift in Sources */,
			);
			runOnlyForDeploymentPostprocessing = 0;
		};
/* End PBXSourcesBuildPhase section */

/* Begin PBXVariantGroup section */
		E1E2449624267F73000ACD1B /* Main.storyboard */ = {
			isa = PBXVariantGroup;
			children = (
				E1E2449724267F73000ACD1B /* Base */,
			);
			name = Main.storyboard;
			sourceTree = "<group>";
		};
		E1E2449B24267F75000ACD1B /* LaunchScreen.storyboard */ = {
			isa = PBXVariantGroup;
			children = (
				E1E2449C24267F75000ACD1B /* Base */,
			);
			name = LaunchScreen.storyboard;
			sourceTree = "<group>";
		};
/* End PBXVariantGroup section */

/* Begin XCBuildConfiguration section */
		E1E2449F24267F75000ACD1B /* Debug */ = {
			isa = XCBuildConfiguration;
			buildSettings = {
				ALWAYS_SEARCH_USER_PATHS = NO;
				CLANG_ANALYZER_NONNULL = YES;
				CLANG_ANALYZER_NUMBER_OBJECT_CONVERSION = YES_AGGRESSIVE;
				CLANG_CXX_LANGUAGE_STANDARD = "gnu++14";
				CLANG_CXX_LIBRARY = "libc++";
				CLANG_ENABLE_MODULES = YES;
				CLANG_ENABLE_OBJC_ARC = YES;
				CLANG_ENABLE_OBJC_WEAK = YES;
				CLANG_WARN_BLOCK_CAPTURE_AUTORELEASING = YES;
				CLANG_WARN_BOOL_CONVERSION = YES;
				CLANG_WARN_COMMA = YES;
				CLANG_WARN_CONSTANT_CONVERSION = YES;
				CLANG_WARN_DEPRECATED_OBJC_IMPLEMENTATIONS = YES;
				CLANG_WARN_DIRECT_OBJC_ISA_USAGE = YES_ERROR;
				CLANG_WARN_DOCUMENTATION_COMMENTS = YES;
				CLANG_WARN_EMPTY_BODY = YES;
				CLANG_WARN_ENUM_CONVERSION = YES;
				CLANG_WARN_INFINITE_RECURSION = YES;
				CLANG_WARN_INT_CONVERSION = YES;
				CLANG_WARN_NON_LITERAL_NULL_CONVERSION = YES;
				CLANG_WARN_OBJC_IMPLICIT_RETAIN_SELF = YES;
				CLANG_WARN_OBJC_LITERAL_CONVERSION = YES;
				CLANG_WARN_OBJC_ROOT_CLASS = YES_ERROR;
				CLANG_WARN_RANGE_LOOP_ANALYSIS = YES;
				CLANG_WARN_STRICT_PROTOTYPES = YES;
				CLANG_WARN_SUSPICIOUS_MOVE = YES;
				CLANG_WARN_UNGUARDED_AVAILABILITY = YES_AGGRESSIVE;
				CLANG_WARN_UNREACHABLE_CODE = YES;
				CLANG_WARN__DUPLICATE_METHOD_MATCH = YES;
				COPY_PHASE_STRIP = NO;
				DEBUG_INFORMATION_FORMAT = dwarf;
				ENABLE_STRICT_OBJC_MSGSEND = YES;
				ENABLE_TESTABILITY = YES;
				GCC_C_LANGUAGE_STANDARD = gnu11;
				GCC_DYNAMIC_NO_PIC = NO;
				GCC_NO_COMMON_BLOCKS = YES;
				GCC_OPTIMIZATION_LEVEL = 0;
				GCC_PREPROCESSOR_DEFINITIONS = (
					"DEBUG=1",
					"$(inherited)",
				);
				GCC_WARN_64_TO_32_BIT_CONVERSION = YES;
				GCC_WARN_ABOUT_RETURN_TYPE = YES_ERROR;
				GCC_WARN_UNDECLARED_SELECTOR = YES;
				GCC_WARN_UNINITIALIZED_AUTOS = YES_AGGRESSIVE;
				GCC_WARN_UNUSED_FUNCTION = YES;
				GCC_WARN_UNUSED_VARIABLE = YES;
				IPHONEOS_DEPLOYMENT_TARGET = 13.2;
				MTL_ENABLE_DEBUG_INFO = INCLUDE_SOURCE;
				MTL_FAST_MATH = YES;
				ONLY_ACTIVE_ARCH = YES;
				SDKROOT = iphoneos;
				SWIFT_ACTIVE_COMPILATION_CONDITIONS = DEBUG;
				SWIFT_OPTIMIZATION_LEVEL = "-Onone";
			};
			name = Debug;
		};
		E1E244A024267F75000ACD1B /* Release */ = {
			isa = XCBuildConfiguration;
			buildSettings = {
				ALWAYS_SEARCH_USER_PATHS = NO;
				CLANG_ANALYZER_NONNULL = YES;
				CLANG_ANALYZER_NUMBER_OBJECT_CONVERSION = YES_AGGRESSIVE;
				CLANG_CXX_LANGUAGE_STANDARD = "gnu++14";
				CLANG_CXX_LIBRARY = "libc++";
				CLANG_ENABLE_MODULES = YES;
				CLANG_ENABLE_OBJC_ARC = YES;
				CLANG_ENABLE_OBJC_WEAK = YES;
				CLANG_WARN_BLOCK_CAPTURE_AUTORELEASING = YES;
				CLANG_WARN_BOOL_CONVERSION = YES;
				CLANG_WARN_COMMA = YES;
				CLANG_WARN_CONSTANT_CONVERSION = YES;
				CLANG_WARN_DEPRECATED_OBJC_IMPLEMENTATIONS = YES;
				CLANG_WARN_DIRECT_OBJC_ISA_USAGE = YES_ERROR;
				CLANG_WARN_DOCUMENTATION_COMMENTS = YES;
				CLANG_WARN_EMPTY_BODY = YES;
				CLANG_WARN_ENUM_CONVERSION = YES;
				CLANG_WARN_INFINITE_RECURSION = YES;
				CLANG_WARN_INT_CONVERSION = YES;
				CLANG_WARN_NON_LITERAL_NULL_CONVERSION = YES;
				CLANG_WARN_OBJC_IMPLICIT_RETAIN_SELF = YES;
				CLANG_WARN_OBJC_LITERAL_CONVERSION = YES;
				CLANG_WARN_OBJC_ROOT_CLASS = YES_ERROR;
				CLANG_WARN_RANGE_LOOP_ANALYSIS = YES;
				CLANG_WARN_STRICT_PROTOTYPES = YES;
				CLANG_WARN_SUSPICIOUS_MOVE = YES;
				CLANG_WARN_UNGUARDED_AVAILABILITY = YES_AGGRESSIVE;
				CLANG_WARN_UNREACHABLE_CODE = YES;
				CLANG_WARN__DUPLICATE_METHOD_MATCH = YES;
				COPY_PHASE_STRIP = NO;
				DEBUG_INFORMATION_FORMAT = "dwarf-with-dsym";
				ENABLE_NS_ASSERTIONS = NO;
				ENABLE_STRICT_OBJC_MSGSEND = YES;
				GCC_C_LANGUAGE_STANDARD = gnu11;
				GCC_NO_COMMON_BLOCKS = YES;
				GCC_WARN_64_TO_32_BIT_CONVERSION = YES;
				GCC_WARN_ABOUT_RETURN_TYPE = YES_ERROR;
				GCC_WARN_UNDECLARED_SELECTOR = YES;
				GCC_WARN_UNINITIALIZED_AUTOS = YES_AGGRESSIVE;
				GCC_WARN_UNUSED_FUNCTION = YES;
				GCC_WARN_UNUSED_VARIABLE = YES;
				IPHONEOS_DEPLOYMENT_TARGET = 13.2;
				MTL_ENABLE_DEBUG_INFO = NO;
				MTL_FAST_MATH = YES;
				SDKROOT = iphoneos;
				SWIFT_COMPILATION_MODE = wholemodule;
				SWIFT_OPTIMIZATION_LEVEL = "-O";
				VALIDATE_PRODUCT = YES;
			};
			name = Release;
		};
		E1E244A224267F75000ACD1B /* Debug */ = {
			isa = XCBuildConfiguration;
			baseConfigurationReference = 0574F4B2955FAB9B2327ECDE /* Pods-RSub1.debug.xcconfig */;
			buildSettings = {
				ASSETCATALOG_COMPILER_APPICON_NAME = AppIcon;
				CODE_SIGN_STYLE = Automatic;
				DEVELOPMENT_TEAM = G6RZ83X968;
				INFOPLIST_FILE = RSub1/Info.plist;
				IPHONEOS_DEPLOYMENT_TARGET = 12.4;
				LD_RUNPATH_SEARCH_PATHS = (
					"$(inherited)",
					"@executable_path/Frameworks",
				);
				PRODUCT_BUNDLE_IDENTIFIER = com.RSub1.RSub1;
				PRODUCT_NAME = "$(TARGET_NAME)";
				SWIFT_OBJC_BRIDGING_HEADER = RSub1/Services/NearByMessagesApi/GNSMessagesBridge.h;
				SWIFT_VERSION = 5.0;
				TARGETED_DEVICE_FAMILY = "1,2";
			};
			name = Debug;
		};
		E1E244A324267F75000ACD1B /* Release */ = {
			isa = XCBuildConfiguration;
			baseConfigurationReference = 2A8AF047DCE81E4E0382867C /* Pods-RSub1.release.xcconfig */;
			buildSettings = {
				ASSETCATALOG_COMPILER_APPICON_NAME = AppIcon;
				CODE_SIGN_STYLE = Automatic;
				DEVELOPMENT_TEAM = G6RZ83X968;
				INFOPLIST_FILE = RSub1/Info.plist;
				IPHONEOS_DEPLOYMENT_TARGET = 12.4;
				LD_RUNPATH_SEARCH_PATHS = (
					"$(inherited)",
					"@executable_path/Frameworks",
				);
				PRODUCT_BUNDLE_IDENTIFIER = com.RSub1.RSub1;
				PRODUCT_NAME = "$(TARGET_NAME)";
				SWIFT_OBJC_BRIDGING_HEADER = RSub1/Services/NearByMessagesApi/GNSMessagesBridge.h;
				SWIFT_VERSION = 5.0;
				TARGETED_DEVICE_FAMILY = "1,2";
			};
			name = Release;
		};
/* End XCBuildConfiguration section */

/* Begin XCConfigurationList section */
		E1E2448824267F72000ACD1B /* Build configuration list for PBXProject "RSub1" */ = {
			isa = XCConfigurationList;
			buildConfigurations = (
				E1E2449F24267F75000ACD1B /* Debug */,
				E1E244A024267F75000ACD1B /* Release */,
			);
			defaultConfigurationIsVisible = 0;
			defaultConfigurationName = Release;
		};
		E1E244A124267F75000ACD1B /* Build configuration list for PBXNativeTarget "RSub1" */ = {
			isa = XCConfigurationList;
			buildConfigurations = (
				E1E244A224267F75000ACD1B /* Debug */,
				E1E244A324267F75000ACD1B /* Release */,
			);
			defaultConfigurationIsVisible = 0;
			defaultConfigurationName = Release;
		};
/* End XCConfigurationList section */
	};
	rootObject = E1E2448524267F72000ACD1B /* Project object */;
}
